
Microsoft Visual Studio Solution File, Format Version 12.00
# Visual Studio Version 17
VisualStudioVersion = 17.0.31903.59
MinimumVisualStudioVersion = 10.0.40219.1
Project("{FAE04EC0-301F-11D3-BF4B-00C04F79EFBC}") = "Shared", "..\Shared\Shared.csproj", "{44719B9C-4324-47DD-B548-8ED7BF4AFB7A}"
EndProject
Project("{FAE04EC0-301F-11D3-BF4B-00C04F79EFBC}") = "Day1", "Day1\Day1.csproj", "{E26C8BC8-BC99-46AE-977E-0CE25735A19D}"
EndProject
Project("{FAE04EC0-301F-11D3-BF4B-00C04F79EFBC}") = "Day2", "Day2\Day2.csproj", "{7BB4B146-1A98-43CE-A53E-DBCD9A1CA395}"
EndProject
Project("{FAE04EC0-301F-11D3-BF4B-00C04F79EFBC}") = "Day3", "Day3\Day3.csproj", "{3A51A3BF-A334-401D-9215-A74859CC054A}"
EndProject
Project("{FAE04EC0-301F-11D3-BF4B-00C04F79EFBC}") = "Day4", "Day4\Day4.csproj", "{CE47F1D3-8FF3-41F6-A55C-1429ECD65D70}"
EndProject
Project("{FAE04EC0-301F-11D3-BF4B-00C04F79EFBC}") = "Day5", "Day5\Day5.csproj", "{CC71D529-A3A9-4E02-B4AC-9DD6DE0BFAD1}"
EndProject
Project("{FAE04EC0-301F-11D3-BF4B-00C04F79EFBC}") = "Day6", "Day6\Day6.csproj", "{4F8E037D-8B97-458C-8CE1-D4529A87AFFB}"
EndProject
Project("{FAE04EC0-301F-11D3-BF4B-00C04F79EFBC}") = "Day7", "Day7\Day7.csproj", "{5C3303E6-3948-45AE-8266-E4572F5FDD37}"
EndProject
Project("{FAE04EC0-301F-11D3-BF4B-00C04F79EFBC}") = "Day8", "Day8\Day8.csproj", "{FB3ABD8B-1746-4E67-B87A-3AD76A9EB6AB}"
EndProject
Project("{FAE04EC0-301F-11D3-BF4B-00C04F79EFBC}") = "Day9", "Day9\Day9.csproj", "{537CE11F-D305-4620-A749-88E75756FEF3}"
EndProject
Project("{FAE04EC0-301F-11D3-BF4B-00C04F79EFBC}") = "Day10", "Day10\Day10.csproj", "{51B6DB49-64E5-486C-A3C6-F1616E6E2E86}"
EndProject
Project("{FAE04EC0-301F-11D3-BF4B-00C04F79EFBC}") = "Day11", "Day11\Day11.csproj", "{3685C22D-BEBD-4504-AB2B-183347F15B1C}"
EndProject
Global
	GlobalSection(SolutionConfigurationPlatforms) = preSolution
		Debug|Any CPU = Debug|Any CPU
		Debug|x64 = Debug|x64
		Debug|x86 = Debug|x86
		Release|Any CPU = Release|Any CPU
		Release|x64 = Release|x64
		Release|x86 = Release|x86
	EndGlobalSection
	GlobalSection(ProjectConfigurationPlatforms) = postSolution
		{44719B9C-4324-47DD-B548-8ED7BF4AFB7A}.Debug|Any CPU.ActiveCfg = Debug|Any CPU
		{44719B9C-4324-47DD-B548-8ED7BF4AFB7A}.Debug|Any CPU.Build.0 = Debug|Any CPU
		{44719B9C-4324-47DD-B548-8ED7BF4AFB7A}.Debug|x64.ActiveCfg = Debug|Any CPU
		{44719B9C-4324-47DD-B548-8ED7BF4AFB7A}.Debug|x64.Build.0 = Debug|Any CPU
		{44719B9C-4324-47DD-B548-8ED7BF4AFB7A}.Debug|x86.ActiveCfg = Debug|Any CPU
		{44719B9C-4324-47DD-B548-8ED7BF4AFB7A}.Debug|x86.Build.0 = Debug|Any CPU
		{44719B9C-4324-47DD-B548-8ED7BF4AFB7A}.Release|Any CPU.ActiveCfg = Release|Any CPU
		{44719B9C-4324-47DD-B548-8ED7BF4AFB7A}.Release|Any CPU.Build.0 = Release|Any CPU
		{44719B9C-4324-47DD-B548-8ED7BF4AFB7A}.Release|x64.ActiveCfg = Release|Any CPU
		{44719B9C-4324-47DD-B548-8ED7BF4AFB7A}.Release|x64.Build.0 = Release|Any CPU
		{44719B9C-4324-47DD-B548-8ED7BF4AFB7A}.Release|x86.ActiveCfg = Release|Any CPU
		{44719B9C-4324-47DD-B548-8ED7BF4AFB7A}.Release|x86.Build.0 = Release|Any CPU
		{E26C8BC8-BC99-46AE-977E-0CE25735A19D}.Debug|Any CPU.ActiveCfg = Debug|Any CPU
		{E26C8BC8-BC99-46AE-977E-0CE25735A19D}.Debug|Any CPU.Build.0 = Debug|Any CPU
		{E26C8BC8-BC99-46AE-977E-0CE25735A19D}.Debug|x64.ActiveCfg = Debug|Any CPU
		{E26C8BC8-BC99-46AE-977E-0CE25735A19D}.Debug|x64.Build.0 = Debug|Any CPU
		{E26C8BC8-BC99-46AE-977E-0CE25735A19D}.Debug|x86.ActiveCfg = Debug|Any CPU
		{E26C8BC8-BC99-46AE-977E-0CE25735A19D}.Debug|x86.Build.0 = Debug|Any CPU
		{E26C8BC8-BC99-46AE-977E-0CE25735A19D}.Release|Any CPU.ActiveCfg = Release|Any CPU
		{E26C8BC8-BC99-46AE-977E-0CE25735A19D}.Release|Any CPU.Build.0 = Release|Any CPU
		{E26C8BC8-BC99-46AE-977E-0CE25735A19D}.Release|x64.ActiveCfg = Release|Any CPU
		{E26C8BC8-BC99-46AE-977E-0CE25735A19D}.Release|x64.Build.0 = Release|Any CPU
		{E26C8BC8-BC99-46AE-977E-0CE25735A19D}.Release|x86.ActiveCfg = Release|Any CPU
		{E26C8BC8-BC99-46AE-977E-0CE25735A19D}.Release|x86.Build.0 = Release|Any CPU
		{7BB4B146-1A98-43CE-A53E-DBCD9A1CA395}.Debug|Any CPU.ActiveCfg = Debug|Any CPU
		{7BB4B146-1A98-43CE-A53E-DBCD9A1CA395}.Debug|Any CPU.Build.0 = Debug|Any CPU
		{7BB4B146-1A98-43CE-A53E-DBCD9A1CA395}.Debug|x64.ActiveCfg = Debug|Any CPU
		{7BB4B146-1A98-43CE-A53E-DBCD9A1CA395}.Debug|x64.Build.0 = Debug|Any CPU
		{7BB4B146-1A98-43CE-A53E-DBCD9A1CA395}.Debug|x86.ActiveCfg = Debug|Any CPU
		{7BB4B146-1A98-43CE-A53E-DBCD9A1CA395}.Debug|x86.Build.0 = Debug|Any CPU
		{7BB4B146-1A98-43CE-A53E-DBCD9A1CA395}.Release|Any CPU.ActiveCfg = Release|Any CPU
		{7BB4B146-1A98-43CE-A53E-DBCD9A1CA395}.Release|Any CPU.Build.0 = Release|Any CPU
		{7BB4B146-1A98-43CE-A53E-DBCD9A1CA395}.Release|x64.ActiveCfg = Release|Any CPU
		{7BB4B146-1A98-43CE-A53E-DBCD9A1CA395}.Release|x64.Build.0 = Release|Any CPU
		{7BB4B146-1A98-43CE-A53E-DBCD9A1CA395}.Release|x86.ActiveCfg = Release|Any CPU
		{7BB4B146-1A98-43CE-A53E-DBCD9A1CA395}.Release|x86.Build.0 = Release|Any CPU
		{3A51A3BF-A334-401D-9215-A74859CC054A}.Debug|Any CPU.ActiveCfg = Debug|Any CPU
		{3A51A3BF-A334-401D-9215-A74859CC054A}.Debug|Any CPU.Build.0 = Debug|Any CPU
		{3A51A3BF-A334-401D-9215-A74859CC054A}.Debug|x64.ActiveCfg = Debug|Any CPU
		{3A51A3BF-A334-401D-9215-A74859CC054A}.Debug|x64.Build.0 = Debug|Any CPU
		{3A51A3BF-A334-401D-9215-A74859CC054A}.Debug|x86.ActiveCfg = Debug|Any CPU
		{3A51A3BF-A334-401D-9215-A74859CC054A}.Debug|x86.Build.0 = Debug|Any CPU
		{3A51A3BF-A334-401D-9215-A74859CC054A}.Release|Any CPU.ActiveCfg = Release|Any CPU
		{3A51A3BF-A334-401D-9215-A74859CC054A}.Release|Any CPU.Build.0 = Release|Any CPU
		{3A51A3BF-A334-401D-9215-A74859CC054A}.Release|x64.ActiveCfg = Release|Any CPU
		{3A51A3BF-A334-401D-9215-A74859CC054A}.Release|x64.Build.0 = Release|Any CPU
		{3A51A3BF-A334-401D-9215-A74859CC054A}.Release|x86.ActiveCfg = Release|Any CPU
		{3A51A3BF-A334-401D-9215-A74859CC054A}.Release|x86.Build.0 = Release|Any CPU
		{CE47F1D3-8FF3-41F6-A55C-1429ECD65D70}.Debug|Any CPU.ActiveCfg = Debug|Any CPU
		{CE47F1D3-8FF3-41F6-A55C-1429ECD65D70}.Debug|Any CPU.Build.0 = Debug|Any CPU
		{CE47F1D3-8FF3-41F6-A55C-1429ECD65D70}.Debug|x64.ActiveCfg = Debug|Any CPU
		{CE47F1D3-8FF3-41F6-A55C-1429ECD65D70}.Debug|x64.Build.0 = Debug|Any CPU
		{CE47F1D3-8FF3-41F6-A55C-1429ECD65D70}.Debug|x86.ActiveCfg = Debug|Any CPU
		{CE47F1D3-8FF3-41F6-A55C-1429ECD65D70}.Debug|x86.Build.0 = Debug|Any CPU
		{CE47F1D3-8FF3-41F6-A55C-1429ECD65D70}.Release|Any CPU.ActiveCfg = Release|Any CPU
		{CE47F1D3-8FF3-41F6-A55C-1429ECD65D70}.Release|Any CPU.Build.0 = Release|Any CPU
		{CE47F1D3-8FF3-41F6-A55C-1429ECD65D70}.Release|x64.ActiveCfg = Release|Any CPU
		{CE47F1D3-8FF3-41F6-A55C-1429ECD65D70}.Release|x64.Build.0 = Release|Any CPU
		{CE47F1D3-8FF3-41F6-A55C-1429ECD65D70}.Release|x86.ActiveCfg = Release|Any CPU
		{CE47F1D3-8FF3-41F6-A55C-1429ECD65D70}.Release|x86.Build.0 = Release|Any CPU
		{CC71D529-A3A9-4E02-B4AC-9DD6DE0BFAD1}.Debug|Any CPU.ActiveCfg = Debug|Any CPU
		{CC71D529-A3A9-4E02-B4AC-9DD6DE0BFAD1}.Debug|Any CPU.Build.0 = Debug|Any CPU
		{CC71D529-A3A9-4E02-B4AC-9DD6DE0BFAD1}.Debug|x64.ActiveCfg = Debug|Any CPU
		{CC71D529-A3A9-4E02-B4AC-9DD6DE0BFAD1}.Debug|x64.Build.0 = Debug|Any CPU
		{CC71D529-A3A9-4E02-B4AC-9DD6DE0BFAD1}.Debug|x86.ActiveCfg = Debug|Any CPU
		{CC71D529-A3A9-4E02-B4AC-9DD6DE0BFAD1}.Debug|x86.Build.0 = Debug|Any CPU
		{CC71D529-A3A9-4E02-B4AC-9DD6DE0BFAD1}.Release|Any CPU.ActiveCfg = Release|Any CPU
		{CC71D529-A3A9-4E02-B4AC-9DD6DE0BFAD1}.Release|Any CPU.Build.0 = Release|Any CPU
		{CC71D529-A3A9-4E02-B4AC-9DD6DE0BFAD1}.Release|x64.ActiveCfg = Release|Any CPU
		{CC71D529-A3A9-4E02-B4AC-9DD6DE0BFAD1}.Release|x64.Build.0 = Release|Any CPU
		{CC71D529-A3A9-4E02-B4AC-9DD6DE0BFAD1}.Release|x86.ActiveCfg = Release|Any CPU
		{CC71D529-A3A9-4E02-B4AC-9DD6DE0BFAD1}.Release|x86.Build.0 = Release|Any CPU
		{4F8E037D-8B97-458C-8CE1-D4529A87AFFB}.Debug|Any CPU.ActiveCfg = Debug|Any CPU
		{4F8E037D-8B97-458C-8CE1-D4529A87AFFB}.Debug|Any CPU.Build.0 = Debug|Any CPU
		{4F8E037D-8B97-458C-8CE1-D4529A87AFFB}.Debug|x64.ActiveCfg = Debug|Any CPU
		{4F8E037D-8B97-458C-8CE1-D4529A87AFFB}.Debug|x64.Build.0 = Debug|Any CPU
		{4F8E037D-8B97-458C-8CE1-D4529A87AFFB}.Debug|x86.ActiveCfg = Debug|Any CPU
		{4F8E037D-8B97-458C-8CE1-D4529A87AFFB}.Debug|x86.Build.0 = Debug|Any CPU
		{4F8E037D-8B97-458C-8CE1-D4529A87AFFB}.Release|Any CPU.ActiveCfg = Release|Any CPU
		{4F8E037D-8B97-458C-8CE1-D4529A87AFFB}.Release|Any CPU.Build.0 = Release|Any CPU
		{4F8E037D-8B97-458C-8CE1-D4529A87AFFB}.Release|x64.ActiveCfg = Release|Any CPU
		{4F8E037D-8B97-458C-8CE1-D4529A87AFFB}.Release|x64.Build.0 = Release|Any CPU
		{4F8E037D-8B97-458C-8CE1-D4529A87AFFB}.Release|x86.ActiveCfg = Release|Any CPU
		{4F8E037D-8B97-458C-8CE1-D4529A87AFFB}.Release|x86.Build.0 = Release|Any CPU
		{5C3303E6-3948-45AE-8266-E4572F5FDD37}.Debug|Any CPU.ActiveCfg = Debug|Any CPU
		{5C3303E6-3948-45AE-8266-E4572F5FDD37}.Debug|Any CPU.Build.0 = Debug|Any CPU
		{5C3303E6-3948-45AE-8266-E4572F5FDD37}.Debug|x64.ActiveCfg = Debug|Any CPU
		{5C3303E6-3948-45AE-8266-E4572F5FDD37}.Debug|x64.Build.0 = Debug|Any CPU
		{5C3303E6-3948-45AE-8266-E4572F5FDD37}.Debug|x86.ActiveCfg = Debug|Any CPU
		{5C3303E6-3948-45AE-8266-E4572F5FDD37}.Debug|x86.Build.0 = Debug|Any CPU
		{5C3303E6-3948-45AE-8266-E4572F5FDD37}.Release|Any CPU.ActiveCfg = Release|Any CPU
		{5C3303E6-3948-45AE-8266-E4572F5FDD37}.Release|Any CPU.Build.0 = Release|Any CPU
		{5C3303E6-3948-45AE-8266-E4572F5FDD37}.Release|x64.ActiveCfg = Release|Any CPU
		{5C3303E6-3948-45AE-8266-E4572F5FDD37}.Release|x64.Build.0 = Release|Any CPU
		{5C3303E6-3948-45AE-8266-E4572F5FDD37}.Release|x86.ActiveCfg = Release|Any CPU
		{5C3303E6-3948-45AE-8266-E4572F5FDD37}.Release|x86.Build.0 = Release|Any CPU
		{FB3ABD8B-1746-4E67-B87A-3AD76A9EB6AB}.Debug|Any CPU.ActiveCfg = Debug|Any CPU
		{FB3ABD8B-1746-4E67-B87A-3AD76A9EB6AB}.Debug|Any CPU.Build.0 = Debug|Any CPU
		{FB3ABD8B-1746-4E67-B87A-3AD76A9EB6AB}.Debug|x64.ActiveCfg = Debug|Any CPU
		{FB3ABD8B-1746-4E67-B87A-3AD76A9EB6AB}.Debug|x64.Build.0 = Debug|Any CPU
		{FB3ABD8B-1746-4E67-B87A-3AD76A9EB6AB}.Debug|x86.ActiveCfg = Debug|Any CPU
		{FB3ABD8B-1746-4E67-B87A-3AD76A9EB6AB}.Debug|x86.Build.0 = Debug|Any CPU
		{FB3ABD8B-1746-4E67-B87A-3AD76A9EB6AB}.Release|Any CPU.ActiveCfg = Release|Any CPU
		{FB3ABD8B-1746-4E67-B87A-3AD76A9EB6AB}.Release|Any CPU.Build.0 = Release|Any CPU
		{FB3ABD8B-1746-4E67-B87A-3AD76A9EB6AB}.Release|x64.ActiveCfg = Release|Any CPU
		{FB3ABD8B-1746-4E67-B87A-3AD76A9EB6AB}.Release|x64.Build.0 = Release|Any CPU
		{FB3ABD8B-1746-4E67-B87A-3AD76A9EB6AB}.Release|x86.ActiveCfg = Release|Any CPU
		{FB3ABD8B-1746-4E67-B87A-3AD76A9EB6AB}.Release|x86.Build.0 = Release|Any CPU
		{537CE11F-D305-4620-A749-88E75756FEF3}.Debug|Any CPU.ActiveCfg = Debug|Any CPU
		{537CE11F-D305-4620-A749-88E75756FEF3}.Debug|Any CPU.Build.0 = Debug|Any CPU
		{537CE11F-D305-4620-A749-88E75756FEF3}.Debug|x64.ActiveCfg = Debug|Any CPU
		{537CE11F-D305-4620-A749-88E75756FEF3}.Debug|x64.Build.0 = Debug|Any CPU
		{537CE11F-D305-4620-A749-88E75756FEF3}.Debug|x86.ActiveCfg = Debug|Any CPU
		{537CE11F-D305-4620-A749-88E75756FEF3}.Debug|x86.Build.0 = Debug|Any CPU
		{537CE11F-D305-4620-A749-88E75756FEF3}.Release|Any CPU.ActiveCfg = Release|Any CPU
		{537CE11F-D305-4620-A749-88E75756FEF3}.Release|Any CPU.Build.0 = Release|Any CPU
		{537CE11F-D305-4620-A749-88E75756FEF3}.Release|x64.ActiveCfg = Release|Any CPU
		{537CE11F-D305-4620-A749-88E75756FEF3}.Release|x64.Build.0 = Release|Any CPU
		{537CE11F-D305-4620-A749-88E75756FEF3}.Release|x86.ActiveCfg = Release|Any CPU
		{537CE11F-D305-4620-A749-88E75756FEF3}.Release|x86.Build.0 = Release|Any CPU
		{51B6DB49-64E5-486C-A3C6-F1616E6E2E86}.Debug|Any CPU.ActiveCfg = Debug|Any CPU
		{51B6DB49-64E5-486C-A3C6-F1616E6E2E86}.Debug|Any CPU.Build.0 = Debug|Any CPU
		{51B6DB49-64E5-486C-A3C6-F1616E6E2E86}.Debug|x64.ActiveCfg = Debug|Any CPU
		{51B6DB49-64E5-486C-A3C6-F1616E6E2E86}.Debug|x64.Build.0 = Debug|Any CPU
		{51B6DB49-64E5-486C-A3C6-F1616E6E2E86}.Debug|x86.ActiveCfg = Debug|Any CPU
		{51B6DB49-64E5-486C-A3C6-F1616E6E2E86}.Debug|x86.Build.0 = Debug|Any CPU
		{51B6DB49-64E5-486C-A3C6-F1616E6E2E86}.Release|Any CPU.ActiveCfg = Release|Any CPU
		{51B6DB49-64E5-486C-A3C6-F1616E6E2E86}.Release|Any CPU.Build.0 = Release|Any CPU
		{51B6DB49-64E5-486C-A3C6-F1616E6E2E86}.Release|x64.ActiveCfg = Release|Any CPU
		{51B6DB49-64E5-486C-A3C6-F1616E6E2E86}.Release|x64.Build.0 = Release|Any CPU
		{51B6DB49-64E5-486C-A3C6-F1616E6E2E86}.Release|x86.ActiveCfg = Release|Any CPU
		{51B6DB49-64E5-486C-A3C6-F1616E6E2E86}.Release|x86.Build.0 = Release|Any CPU
		{3685C22D-BEBD-4504-AB2B-183347F15B1C}.Debug|Any CPU.ActiveCfg = Debug|Any CPU
		{3685C22D-BEBD-4504-AB2B-183347F15B1C}.Debug|Any CPU.Build.0 = Debug|Any CPU
		{3685C22D-BEBD-4504-AB2B-183347F15B1C}.Debug|x64.ActiveCfg = Debug|Any CPU
		{3685C22D-BEBD-4504-AB2B-183347F15B1C}.Debug|x64.Build.0 = Debug|Any CPU
		{3685C22D-BEBD-4504-AB2B-183347F15B1C}.Debug|x86.ActiveCfg = Debug|Any CPU
		{3685C22D-BEBD-4504-AB2B-183347F15B1C}.Debug|x86.Build.0 = Debug|Any CPU
		{3685C22D-BEBD-4504-AB2B-183347F15B1C}.Release|Any CPU.ActiveCfg = Release|Any CPU
		{3685C22D-BEBD-4504-AB2B-183347F15B1C}.Release|Any CPU.Build.0 = Release|Any CPU
		{3685C22D-BEBD-4504-AB2B-183347F15B1C}.Release|x64.ActiveCfg = Release|Any CPU
		{3685C22D-BEBD-4504-AB2B-183347F15B1C}.Release|x64.Build.0 = Release|Any CPU
		{3685C22D-BEBD-4504-AB2B-183347F15B1C}.Release|x86.ActiveCfg = Release|Any CPU
		{3685C22D-BEBD-4504-AB2B-183347F15B1C}.Release|x86.Build.0 = Release|Any CPU
	EndGlobalSection
	GlobalSection(SolutionProperties) = preSolution
		HideSolutionNode = FALSE
	EndGlobalSection
EndGlobal
