
Microsoft Visual Studio Solution File, Format Version 12.00
# Visual Studio Version 17
VisualStudioVersion = 17.0.31903.59
MinimumVisualStudioVersion = 10.0.40219.1
Project("{FAE04EC0-301F-11D3-BF4B-00C04F79EFBC}") = "Shared", "..\Shared\Shared.csproj", "{09DA5ED9-57FF-4D9D-8981-DC38B8613B91}"
EndProject
Project("{FAE04EC0-301F-11D3-BF4B-00C04F79EFBC}") = "Day1", "Day1\Day1.csproj", "{7578CDD6-429B-492D-B01D-7CF1834B57CC}"
EndProject
Project("{FAE04EC0-301F-11D3-BF4B-00C04F79EFBC}") = "Day2", "Day2\Day2.csproj", "{34105403-6EE6-4C0F-8BD6-149DFDEBB0F6}"
EndProject
Project("{FAE04EC0-301F-11D3-BF4B-00C04F79EFBC}") = "Day3", "Day3\Day3.csproj", "{B4590138-9BAB-4239-A3C4-692E6F8B7B3B}"
EndProject
Project("{FAE04EC0-301F-11D3-BF4B-00C04F79EFBC}") = "Day4", "Day4\Day4.csproj", "{64C4B8B8-4CB1-4E8E-B4B2-12B6C78184FC}"
EndProject
Project("{FAE04EC0-301F-11D3-BF4B-00C04F79EFBC}") = "Day5", "Day5\Day5.csproj", "{E5FFAD67-4A8A-4C1B-B918-8306AE1829CF}"
EndProject
Project("{FAE04EC0-301F-11D3-BF4B-00C04F79EFBC}") = "Day6", "Day6\Day6.csproj", "{FFF23281-0F31-46EC-B91D-65F29F31FAED}"
EndProject
Project("{FAE04EC0-301F-11D3-BF4B-00C04F79EFBC}") = "Day7", "Day7\Day7.csproj", "{0381448F-235F-4270-A484-8A8BA3724B4E}"
EndProject
Project("{FAE04EC0-301F-11D3-BF4B-00C04F79EFBC}") = "Day8", "Day8\Day8.csproj", "{692FF28B-CC5A-4009-9190-636B03B8DC15}"
EndProject
Project("{FAE04EC0-301F-11D3-BF4B-00C04F79EFBC}") = "Day9", "Day9\Day9.csproj", "{8A9BCE2D-56ED-4D89-8293-557B750B53C2}"
EndProject
Project("{FAE04EC0-301F-11D3-BF4B-00C04F79EFBC}") = "Day10", "Day10\Day10.csproj", "{790420FF-84E5-44C5-88EC-1033A390F54D}"
EndProject
Project("{FAE04EC0-301F-11D3-BF4B-00C04F79EFBC}") = "Day11", "Day11\Day11.csproj", "{AFF956A2-CAA1-47E5-87BD-61CB3E4131DE}"
EndProject
Project("{FAE04EC0-301F-11D3-BF4B-00C04F79EFBC}") = "Day12", "Day12\Day12.csproj", "{9194CB5F-C20C-4D19-B40E-6D5AEC7F5A95}"
EndProject
Project("{FAE04EC0-301F-11D3-BF4B-00C04F79EFBC}") = "Day13", "Day13\Day13.csproj", "{10F72233-92A1-43DC-BFCD-EECC5FDDF12B}"
EndProject
Project("{FAE04EC0-301F-11D3-BF4B-00C04F79EFBC}") = "Day14", "Day14\Day14.csproj", "{84CE5A67-D483-4ADE-A953-F244E27594FD}"
EndProject
Project("{FAE04EC0-301F-11D3-BF4B-00C04F79EFBC}") = "Day15", "Day15\Day15.csproj", "{1D823E43-429A-4AC6-AC1F-2CFFB510B9A0}"
EndProject
Project("{FAE04EC0-301F-11D3-BF4B-00C04F79EFBC}") = "Day16", "Day16\Day16.csproj", "{1FD707DA-3F71-4944-AED4-2EFDA6858260}"
EndProject
Project("{FAE04EC0-301F-11D3-BF4B-00C04F79EFBC}") = "Day17", "Day17\Day17.csproj", "{3EFEBC4F-1328-454C-8C52-BD9960E575EA}"
EndProject
Project("{FAE04EC0-301F-11D3-BF4B-00C04F79EFBC}") = "Day18", "Day18\Day18.csproj", "{76C9585B-9E92-4089-BE36-1D8FDDE40ED6}"
EndProject
Project("{FAE04EC0-301F-11D3-BF4B-00C04F79EFBC}") = "Day19", "Day19\Day19.csproj", "{1F6E8A38-7CDD-4BE0-AAA2-AC2A6DA8EEE5}"
EndProject
Project("{FAE04EC0-301F-11D3-BF4B-00C04F79EFBC}") = "Day20", "Day20\Day20.csproj", "{B792286B-1AF0-4F3A-BA83-2EE3B5941913}"
EndProject
Project("{FAE04EC0-301F-11D3-BF4B-00C04F79EFBC}") = "Day21", "Day21\Day21.csproj", "{301BB733-A741-4B90-86DA-0737D354344B}"
EndProject
Project("{FAE04EC0-301F-11D3-BF4B-00C04F79EFBC}") = "Day22", "Day22\Day22.csproj", "{9F093298-3B26-4B0D-A6EA-24FFBD07453D}"
EndProject
Project("{FAE04EC0-301F-11D3-BF4B-00C04F79EFBC}") = "Day23", "Day23\Day23.csproj", "{02767D4C-364B-43F7-9865-5B6EA21018C0}"
EndProject
Global
	GlobalSection(SolutionConfigurationPlatforms) = preSolution
		Debug|Any CPU = Debug|Any CPU
		Release|Any CPU = Release|Any CPU
	EndGlobalSection
	GlobalSection(SolutionProperties) = preSolution
		HideSolutionNode = FALSE
	EndGlobalSection
	GlobalSection(ProjectConfigurationPlatforms) = postSolution
		{09DA5ED9-57FF-4D9D-8981-DC38B8613B91}.Debug|Any CPU.ActiveCfg = Debug|Any CPU
		{09DA5ED9-57FF-4D9D-8981-DC38B8613B91}.Debug|Any CPU.Build.0 = Debug|Any CPU
		{09DA5ED9-57FF-4D9D-8981-DC38B8613B91}.Release|Any CPU.ActiveCfg = Release|Any CPU
		{09DA5ED9-57FF-4D9D-8981-DC38B8613B91}.Release|Any CPU.Build.0 = Release|Any CPU
		{7578CDD6-429B-492D-B01D-7CF1834B57CC}.Debug|Any CPU.ActiveCfg = Debug|Any CPU
		{7578CDD6-429B-492D-B01D-7CF1834B57CC}.Debug|Any CPU.Build.0 = Debug|Any CPU
		{7578CDD6-429B-492D-B01D-7CF1834B57CC}.Release|Any CPU.ActiveCfg = Release|Any CPU
		{7578CDD6-429B-492D-B01D-7CF1834B57CC}.Release|Any CPU.Build.0 = Release|Any CPU
		{34105403-6EE6-4C0F-8BD6-149DFDEBB0F6}.Debug|Any CPU.ActiveCfg = Debug|Any CPU
		{34105403-6EE6-4C0F-8BD6-149DFDEBB0F6}.Debug|Any CPU.Build.0 = Debug|Any CPU
		{34105403-6EE6-4C0F-8BD6-149DFDEBB0F6}.Release|Any CPU.ActiveCfg = Release|Any CPU
		{34105403-6EE6-4C0F-8BD6-149DFDEBB0F6}.Release|Any CPU.Build.0 = Release|Any CPU
		{B4590138-9BAB-4239-A3C4-692E6F8B7B3B}.Debug|Any CPU.ActiveCfg = Debug|Any CPU
		{B4590138-9BAB-4239-A3C4-692E6F8B7B3B}.Debug|Any CPU.Build.0 = Debug|Any CPU
		{B4590138-9BAB-4239-A3C4-692E6F8B7B3B}.Release|Any CPU.ActiveCfg = Release|Any CPU
		{B4590138-9BAB-4239-A3C4-692E6F8B7B3B}.Release|Any CPU.Build.0 = Release|Any CPU
		{64C4B8B8-4CB1-4E8E-B4B2-12B6C78184FC}.Debug|Any CPU.ActiveCfg = Debug|Any CPU
		{64C4B8B8-4CB1-4E8E-B4B2-12B6C78184FC}.Debug|Any CPU.Build.0 = Debug|Any CPU
		{64C4B8B8-4CB1-4E8E-B4B2-12B6C78184FC}.Release|Any CPU.ActiveCfg = Release|Any CPU
		{64C4B8B8-4CB1-4E8E-B4B2-12B6C78184FC}.Release|Any CPU.Build.0 = Release|Any CPU
		{E5FFAD67-4A8A-4C1B-B918-8306AE1829CF}.Debug|Any CPU.ActiveCfg = Debug|Any CPU
		{E5FFAD67-4A8A-4C1B-B918-8306AE1829CF}.Debug|Any CPU.Build.0 = Debug|Any CPU
		{E5FFAD67-4A8A-4C1B-B918-8306AE1829CF}.Release|Any CPU.ActiveCfg = Release|Any CPU
		{E5FFAD67-4A8A-4C1B-B918-8306AE1829CF}.Release|Any CPU.Build.0 = Release|Any CPU
		{FFF23281-0F31-46EC-B91D-65F29F31FAED}.Debug|Any CPU.ActiveCfg = Debug|Any CPU
		{FFF23281-0F31-46EC-B91D-65F29F31FAED}.Debug|Any CPU.Build.0 = Debug|Any CPU
		{FFF23281-0F31-46EC-B91D-65F29F31FAED}.Release|Any CPU.ActiveCfg = Release|Any CPU
		{FFF23281-0F31-46EC-B91D-65F29F31FAED}.Release|Any CPU.Build.0 = Release|Any CPU
		{0381448F-235F-4270-A484-8A8BA3724B4E}.Debug|Any CPU.ActiveCfg = Debug|Any CPU
		{0381448F-235F-4270-A484-8A8BA3724B4E}.Debug|Any CPU.Build.0 = Debug|Any CPU
		{0381448F-235F-4270-A484-8A8BA3724B4E}.Release|Any CPU.ActiveCfg = Release|Any CPU
		{0381448F-235F-4270-A484-8A8BA3724B4E}.Release|Any CPU.Build.0 = Release|Any CPU
		{692FF28B-CC5A-4009-9190-636B03B8DC15}.Debug|Any CPU.ActiveCfg = Debug|Any CPU
		{692FF28B-CC5A-4009-9190-636B03B8DC15}.Debug|Any CPU.Build.0 = Debug|Any CPU
		{692FF28B-CC5A-4009-9190-636B03B8DC15}.Release|Any CPU.ActiveCfg = Release|Any CPU
		{692FF28B-CC5A-4009-9190-636B03B8DC15}.Release|Any CPU.Build.0 = Release|Any CPU
		{8A9BCE2D-56ED-4D89-8293-557B750B53C2}.Debug|Any CPU.ActiveCfg = Debug|Any CPU
		{8A9BCE2D-56ED-4D89-8293-557B750B53C2}.Debug|Any CPU.Build.0 = Debug|Any CPU
		{8A9BCE2D-56ED-4D89-8293-557B750B53C2}.Release|Any CPU.ActiveCfg = Release|Any CPU
		{8A9BCE2D-56ED-4D89-8293-557B750B53C2}.Release|Any CPU.Build.0 = Release|Any CPU
		{790420FF-84E5-44C5-88EC-1033A390F54D}.Debug|Any CPU.ActiveCfg = Debug|Any CPU
		{790420FF-84E5-44C5-88EC-1033A390F54D}.Debug|Any CPU.Build.0 = Debug|Any CPU
		{790420FF-84E5-44C5-88EC-1033A390F54D}.Release|Any CPU.ActiveCfg = Release|Any CPU
		{790420FF-84E5-44C5-88EC-1033A390F54D}.Release|Any CPU.Build.0 = Release|Any CPU
		{AFF956A2-CAA1-47E5-87BD-61CB3E4131DE}.Debug|Any CPU.ActiveCfg = Debug|Any CPU
		{AFF956A2-CAA1-47E5-87BD-61CB3E4131DE}.Debug|Any CPU.Build.0 = Debug|Any CPU
		{AFF956A2-CAA1-47E5-87BD-61CB3E4131DE}.Release|Any CPU.ActiveCfg = Release|Any CPU
		{AFF956A2-CAA1-47E5-87BD-61CB3E4131DE}.Release|Any CPU.Build.0 = Release|Any CPU
		{9194CB5F-C20C-4D19-B40E-6D5AEC7F5A95}.Debug|Any CPU.ActiveCfg = Debug|Any CPU
		{9194CB5F-C20C-4D19-B40E-6D5AEC7F5A95}.Debug|Any CPU.Build.0 = Debug|Any CPU
		{9194CB5F-C20C-4D19-B40E-6D5AEC7F5A95}.Release|Any CPU.ActiveCfg = Release|Any CPU
		{9194CB5F-C20C-4D19-B40E-6D5AEC7F5A95}.Release|Any CPU.Build.0 = Release|Any CPU
		{10F72233-92A1-43DC-BFCD-EECC5FDDF12B}.Debug|Any CPU.ActiveCfg = Debug|Any CPU
		{10F72233-92A1-43DC-BFCD-EECC5FDDF12B}.Debug|Any CPU.Build.0 = Debug|Any CPU
		{10F72233-92A1-43DC-BFCD-EECC5FDDF12B}.Release|Any CPU.ActiveCfg = Release|Any CPU
		{10F72233-92A1-43DC-BFCD-EECC5FDDF12B}.Release|Any CPU.Build.0 = Release|Any CPU
		{84CE5A67-D483-4ADE-A953-F244E27594FD}.Debug|Any CPU.ActiveCfg = Debug|Any CPU
		{84CE5A67-D483-4ADE-A953-F244E27594FD}.Debug|Any CPU.Build.0 = Debug|Any CPU
		{84CE5A67-D483-4ADE-A953-F244E27594FD}.Release|Any CPU.ActiveCfg = Release|Any CPU
		{84CE5A67-D483-4ADE-A953-F244E27594FD}.Release|Any CPU.Build.0 = Release|Any CPU
		{1D823E43-429A-4AC6-AC1F-2CFFB510B9A0}.Debug|Any CPU.ActiveCfg = Debug|Any CPU
		{1D823E43-429A-4AC6-AC1F-2CFFB510B9A0}.Debug|Any CPU.Build.0 = Debug|Any CPU
		{1D823E43-429A-4AC6-AC1F-2CFFB510B9A0}.Release|Any CPU.ActiveCfg = Release|Any CPU
		{1D823E43-429A-4AC6-AC1F-2CFFB510B9A0}.Release|Any CPU.Build.0 = Release|Any CPU
		{1FD707DA-3F71-4944-AED4-2EFDA6858260}.Debug|Any CPU.ActiveCfg = Debug|Any CPU
		{1FD707DA-3F71-4944-AED4-2EFDA6858260}.Debug|Any CPU.Build.0 = Debug|Any CPU
		{1FD707DA-3F71-4944-AED4-2EFDA6858260}.Release|Any CPU.ActiveCfg = Release|Any CPU
		{1FD707DA-3F71-4944-AED4-2EFDA6858260}.Release|Any CPU.Build.0 = Release|Any CPU
		{3EFEBC4F-1328-454C-8C52-BD9960E575EA}.Debug|Any CPU.ActiveCfg = Debug|Any CPU
		{3EFEBC4F-1328-454C-8C52-BD9960E575EA}.Debug|Any CPU.Build.0 = Debug|Any CPU
		{3EFEBC4F-1328-454C-8C52-BD9960E575EA}.Release|Any CPU.ActiveCfg = Release|Any CPU
		{3EFEBC4F-1328-454C-8C52-BD9960E575EA}.Release|Any CPU.Build.0 = Release|Any CPU
		{76C9585B-9E92-4089-BE36-1D8FDDE40ED6}.Debug|Any CPU.ActiveCfg = Debug|Any CPU
		{76C9585B-9E92-4089-BE36-1D8FDDE40ED6}.Debug|Any CPU.Build.0 = Debug|Any CPU
		{76C9585B-9E92-4089-BE36-1D8FDDE40ED6}.Release|Any CPU.ActiveCfg = Release|Any CPU
		{76C9585B-9E92-4089-BE36-1D8FDDE40ED6}.Release|Any CPU.Build.0 = Release|Any CPU
		{1F6E8A38-7CDD-4BE0-AAA2-AC2A6DA8EEE5}.Debug|Any CPU.ActiveCfg = Debug|Any CPU
		{1F6E8A38-7CDD-4BE0-AAA2-AC2A6DA8EEE5}.Debug|Any CPU.Build.0 = Debug|Any CPU
		{1F6E8A38-7CDD-4BE0-AAA2-AC2A6DA8EEE5}.Release|Any CPU.ActiveCfg = Release|Any CPU
		{1F6E8A38-7CDD-4BE0-AAA2-AC2A6DA8EEE5}.Release|Any CPU.Build.0 = Release|Any CPU
		{B792286B-1AF0-4F3A-BA83-2EE3B5941913}.Debug|Any CPU.ActiveCfg = Debug|Any CPU
		{B792286B-1AF0-4F3A-BA83-2EE3B5941913}.Debug|Any CPU.Build.0 = Debug|Any CPU
		{B792286B-1AF0-4F3A-BA83-2EE3B5941913}.Release|Any CPU.ActiveCfg = Release|Any CPU
		{B792286B-1AF0-4F3A-BA83-2EE3B5941913}.Release|Any CPU.Build.0 = Release|Any CPU
		{301BB733-A741-4B90-86DA-0737D354344B}.Debug|Any CPU.ActiveCfg = Debug|Any CPU
		{301BB733-A741-4B90-86DA-0737D354344B}.Debug|Any CPU.Build.0 = Debug|Any CPU
		{301BB733-A741-4B90-86DA-0737D354344B}.Release|Any CPU.ActiveCfg = Release|Any CPU
		{301BB733-A741-4B90-86DA-0737D354344B}.Release|Any CPU.Build.0 = Release|Any CPU
		{9F093298-3B26-4B0D-A6EA-24FFBD07453D}.Debug|Any CPU.ActiveCfg = Debug|Any CPU
		{9F093298-3B26-4B0D-A6EA-24FFBD07453D}.Debug|Any CPU.Build.0 = Debug|Any CPU
		{9F093298-3B26-4B0D-A6EA-24FFBD07453D}.Release|Any CPU.ActiveCfg = Release|Any CPU
		{9F093298-3B26-4B0D-A6EA-24FFBD07453D}.Release|Any CPU.Build.0 = Release|Any CPU
		{02767D4C-364B-43F7-9865-5B6EA21018C0}.Debug|Any CPU.ActiveCfg = Debug|Any CPU
		{02767D4C-364B-43F7-9865-5B6EA21018C0}.Debug|Any CPU.Build.0 = Debug|Any CPU
		{02767D4C-364B-43F7-9865-5B6EA21018C0}.Release|Any CPU.ActiveCfg = Release|Any CPU
		{02767D4C-364B-43F7-9865-5B6EA21018C0}.Release|Any CPU.Build.0 = Release|Any CPU
	EndGlobalSection
EndGlobal
