
Microsoft Visual Studio Solution File, Format Version 12.00
# Visual Studio Version 17
VisualStudioVersion = 17.0.31903.59
MinimumVisualStudioVersion = 10.0.40219.1
Project("{FAE04EC0-301F-11D3-BF4B-00C04F79EFBC}") = "Shared", "..\Shared\Shared.csproj", "{44719B9C-4324-47DD-B548-8ED7BF4AFB7A}"
EndProject
Project("{FAE04EC0-301F-11D3-BF4B-00C04F79EFBC}") = "Day1", "Day1\Day1.csproj", "{2670EE04-4B23-4269-90A2-72E6D6494739}"
EndProject
Project("{FAE04EC0-301F-11D3-BF4B-00C04F79EFBC}") = "Day2", "Day2\Day2.csproj", "{1653CB6A-98AF-4F6E-ACC7-57FD204771D2}"
EndProject
Project("{FAE04EC0-301F-11D3-BF4B-00C04F79EFBC}") = "Day3", "Day3\Day3.csproj", "{100FC1FD-A966-48DB-BCEE-E007DFA71EBB}"
EndProject
Project("{FAE04EC0-301F-11D3-BF4B-00C04F79EFBC}") = "Day4", "Day4\Day4.csproj", "{98AFA5B1-902B-4BBE-8AC5-965C07F5553E}"
EndProject
Project("{FAE04EC0-301F-11D3-BF4B-00C04F79EFBC}") = "Day5", "Day5\Day5.csproj", "{1FDC02B6-63EF-4BAC-808E-57059AE5E12A}"
EndProject
Project("{FAE04EC0-301F-11D3-BF4B-00C04F79EFBC}") = "Day6", "Day6\Day6.csproj", "{05607901-67AD-42A6-A8A2-1E1C38E04B1A}"
EndProject
Global
	GlobalSection(SolutionConfigurationPlatforms) = preSolution
		Debug|Any CPU = Debug|Any CPU
		Release|Any CPU = Release|Any CPU
	EndGlobalSection
	GlobalSection(SolutionProperties) = preSolution
		HideSolutionNode = FALSE
	EndGlobalSection
	GlobalSection(ProjectConfigurationPlatforms) = postSolution
		{44719B9C-4324-47DD-B548-8ED7BF4AFB7A}.Debug|Any CPU.ActiveCfg = Debug|Any CPU
		{44719B9C-4324-47DD-B548-8ED7BF4AFB7A}.Debug|Any CPU.Build.0 = Debug|Any CPU
		{44719B9C-4324-47DD-B548-8ED7BF4AFB7A}.Release|Any CPU.ActiveCfg = Release|Any CPU
		{44719B9C-4324-47DD-B548-8ED7BF4AFB7A}.Release|Any CPU.Build.0 = Release|Any CPU
		{2670EE04-4B23-4269-90A2-72E6D6494739}.Debug|Any CPU.ActiveCfg = Debug|Any CPU
		{2670EE04-4B23-4269-90A2-72E6D6494739}.Debug|Any CPU.Build.0 = Debug|Any CPU
		{2670EE04-4B23-4269-90A2-72E6D6494739}.Release|Any CPU.ActiveCfg = Release|Any CPU
		{2670EE04-4B23-4269-90A2-72E6D6494739}.Release|Any CPU.Build.0 = Release|Any CPU
		{1653CB6A-98AF-4F6E-ACC7-57FD204771D2}.Debug|Any CPU.ActiveCfg = Debug|Any CPU
		{1653CB6A-98AF-4F6E-ACC7-57FD204771D2}.Debug|Any CPU.Build.0 = Debug|Any CPU
		{1653CB6A-98AF-4F6E-ACC7-57FD204771D2}.Release|Any CPU.ActiveCfg = Release|Any CPU
		{1653CB6A-98AF-4F6E-ACC7-57FD204771D2}.Release|Any CPU.Build.0 = Release|Any CPU
		{100FC1FD-A966-48DB-BCEE-E007DFA71EBB}.Debug|Any CPU.ActiveCfg = Debug|Any CPU
		{100FC1FD-A966-48DB-BCEE-E007DFA71EBB}.Debug|Any CPU.Build.0 = Debug|Any CPU
		{100FC1FD-A966-48DB-BCEE-E007DFA71EBB}.Release|Any CPU.ActiveCfg = Release|Any CPU
		{100FC1FD-A966-48DB-BCEE-E007DFA71EBB}.Release|Any CPU.Build.0 = Release|Any CPU
		{98AFA5B1-902B-4BBE-8AC5-965C07F5553E}.Debug|Any CPU.ActiveCfg = Debug|Any CPU
		{98AFA5B1-902B-4BBE-8AC5-965C07F5553E}.Debug|Any CPU.Build.0 = Debug|Any CPU
		{98AFA5B1-902B-4BBE-8AC5-965C07F5553E}.Release|Any CPU.ActiveCfg = Release|Any CPU
		{98AFA5B1-902B-4BBE-8AC5-965C07F5553E}.Release|Any CPU.Build.0 = Release|Any CPU
		{1FDC02B6-63EF-4BAC-808E-57059AE5E12A}.Debug|Any CPU.ActiveCfg = Debug|Any CPU
		{1FDC02B6-63EF-4BAC-808E-57059AE5E12A}.Debug|Any CPU.Build.0 = Debug|Any CPU
		{1FDC02B6-63EF-4BAC-808E-57059AE5E12A}.Release|Any CPU.ActiveCfg = Release|Any CPU
		{1FDC02B6-63EF-4BAC-808E-57059AE5E12A}.Release|Any CPU.Build.0 = Release|Any CPU
		{05607901-67AD-42A6-A8A2-1E1C38E04B1A}.Debug|Any CPU.ActiveCfg = Debug|Any CPU
		{05607901-67AD-42A6-A8A2-1E1C38E04B1A}.Debug|Any CPU.Build.0 = Debug|Any CPU
		{05607901-67AD-42A6-A8A2-1E1C38E04B1A}.Release|Any CPU.ActiveCfg = Release|Any CPU
		{05607901-67AD-42A6-A8A2-1E1C38E04B1A}.Release|Any CPU.Build.0 = Release|Any CPU
	EndGlobalSection
EndGlobal
