
Microsoft Visual Studio Solution File, Format Version 12.00
# Visual Studio Version 17
VisualStudioVersion = 17.0.31903.59
MinimumVisualStudioVersion = 10.0.40219.1
Project("{FAE04EC0-301F-11D3-BF4B-00C04F79EFBC}") = "Shared", "..\Shared\Shared.csproj", "{28F71515-6D24-42E8-9FCC-F6412AECC1B8}"
EndProject
Project("{FAE04EC0-301F-11D3-BF4B-00C04F79EFBC}") = "Day1", "Day1\Day1.csproj", "{B5A08095-60DB-4E83-B0DE-BCB21A0E4CBE}"
EndProject
Project("{FAE04EC0-301F-11D3-BF4B-00C04F79EFBC}") = "Day2", "Day2\Day2.csproj", "{A9F07D67-6207-4751-9660-7F38D6400C14}"
EndProject
Project("{FAE04EC0-301F-11D3-BF4B-00C04F79EFBC}") = "Day3", "Day3\Day3.csproj", "{DDCA7B01-39A2-4B04-93D6-E7F020E4C650}"
EndProject
Project("{FAE04EC0-301F-11D3-BF4B-00C04F79EFBC}") = "Day4", "Day4\Day4.csproj", "{3325578A-15EE-42D8-AF14-45A52FE7590A}"
EndProject
Project("{FAE04EC0-301F-11D3-BF4B-00C04F79EFBC}") = "Day5", "Day5\Day5.csproj", "{3402693F-F6F5-4FDF-B550-21A4C747CEB9}"
EndProject
Project("{FAE04EC0-301F-11D3-BF4B-00C04F79EFBC}") = "Day6", "Day6\Day6.csproj", "{4BD8527E-4DD5-44C0-B68C-EB2F5E611C85}"
EndProject
Project("{FAE04EC0-301F-11D3-BF4B-00C04F79EFBC}") = "Day7", "Day7\Day7.csproj", "{65A46C76-5A84-45FF-A4DC-E11280E64806}"
EndProject
Project("{FAE04EC0-301F-11D3-BF4B-00C04F79EFBC}") = "Day8", "Day8\Day8.csproj", "{6A5ECF64-93BE-4A48-99C1-D726480E20C0}"
EndProject
Project("{FAE04EC0-301F-11D3-BF4B-00C04F79EFBC}") = "Day10", "Day10\Day10.csproj", "{55956849-3FE6-484C-8A7F-785E11A6B5C5}"
EndProject
Global
	GlobalSection(SolutionConfigurationPlatforms) = preSolution
		Debug|Any CPU = Debug|Any CPU
		Debug|x64 = Debug|x64
		Debug|x86 = Debug|x86
		Release|Any CPU = Release|Any CPU
		Release|x64 = Release|x64
		Release|x86 = Release|x86
	EndGlobalSection
	GlobalSection(ProjectConfigurationPlatforms) = postSolution
		{28F71515-6D24-42E8-9FCC-F6412AECC1B8}.Debug|Any CPU.ActiveCfg = Debug|Any CPU
		{28F71515-6D24-42E8-9FCC-F6412AECC1B8}.Debug|Any CPU.Build.0 = Debug|Any CPU
		{28F71515-6D24-42E8-9FCC-F6412AECC1B8}.Debug|x64.ActiveCfg = Debug|Any CPU
		{28F71515-6D24-42E8-9FCC-F6412AECC1B8}.Debug|x64.Build.0 = Debug|Any CPU
		{28F71515-6D24-42E8-9FCC-F6412AECC1B8}.Debug|x86.ActiveCfg = Debug|Any CPU
		{28F71515-6D24-42E8-9FCC-F6412AECC1B8}.Debug|x86.Build.0 = Debug|Any CPU
		{28F71515-6D24-42E8-9FCC-F6412AECC1B8}.Release|Any CPU.ActiveCfg = Release|Any CPU
		{28F71515-6D24-42E8-9FCC-F6412AECC1B8}.Release|Any CPU.Build.0 = Release|Any CPU
		{28F71515-6D24-42E8-9FCC-F6412AECC1B8}.Release|x64.ActiveCfg = Release|Any CPU
		{28F71515-6D24-42E8-9FCC-F6412AECC1B8}.Release|x64.Build.0 = Release|Any CPU
		{28F71515-6D24-42E8-9FCC-F6412AECC1B8}.Release|x86.ActiveCfg = Release|Any CPU
		{28F71515-6D24-42E8-9FCC-F6412AECC1B8}.Release|x86.Build.0 = Release|Any CPU
		{B5A08095-60DB-4E83-B0DE-BCB21A0E4CBE}.Debug|Any CPU.ActiveCfg = Debug|Any CPU
		{B5A08095-60DB-4E83-B0DE-BCB21A0E4CBE}.Debug|Any CPU.Build.0 = Debug|Any CPU
		{B5A08095-60DB-4E83-B0DE-BCB21A0E4CBE}.Debug|x64.ActiveCfg = Debug|Any CPU
		{B5A08095-60DB-4E83-B0DE-BCB21A0E4CBE}.Debug|x64.Build.0 = Debug|Any CPU
		{B5A08095-60DB-4E83-B0DE-BCB21A0E4CBE}.Debug|x86.ActiveCfg = Debug|Any CPU
		{B5A08095-60DB-4E83-B0DE-BCB21A0E4CBE}.Debug|x86.Build.0 = Debug|Any CPU
		{B5A08095-60DB-4E83-B0DE-BCB21A0E4CBE}.Release|Any CPU.ActiveCfg = Release|Any CPU
		{B5A08095-60DB-4E83-B0DE-BCB21A0E4CBE}.Release|Any CPU.Build.0 = Release|Any CPU
		{B5A08095-60DB-4E83-B0DE-BCB21A0E4CBE}.Release|x64.ActiveCfg = Release|Any CPU
		{B5A08095-60DB-4E83-B0DE-BCB21A0E4CBE}.Release|x64.Build.0 = Release|Any CPU
		{B5A08095-60DB-4E83-B0DE-BCB21A0E4CBE}.Release|x86.ActiveCfg = Release|Any CPU
		{B5A08095-60DB-4E83-B0DE-BCB21A0E4CBE}.Release|x86.Build.0 = Release|Any CPU
		{A9F07D67-6207-4751-9660-7F38D6400C14}.Debug|Any CPU.ActiveCfg = Debug|Any CPU
		{A9F07D67-6207-4751-9660-7F38D6400C14}.Debug|Any CPU.Build.0 = Debug|Any CPU
		{A9F07D67-6207-4751-9660-7F38D6400C14}.Debug|x64.ActiveCfg = Debug|Any CPU
		{A9F07D67-6207-4751-9660-7F38D6400C14}.Debug|x64.Build.0 = Debug|Any CPU
		{A9F07D67-6207-4751-9660-7F38D6400C14}.Debug|x86.ActiveCfg = Debug|Any CPU
		{A9F07D67-6207-4751-9660-7F38D6400C14}.Debug|x86.Build.0 = Debug|Any CPU
		{A9F07D67-6207-4751-9660-7F38D6400C14}.Release|Any CPU.ActiveCfg = Release|Any CPU
		{A9F07D67-6207-4751-9660-7F38D6400C14}.Release|Any CPU.Build.0 = Release|Any CPU
		{A9F07D67-6207-4751-9660-7F38D6400C14}.Release|x64.ActiveCfg = Release|Any CPU
		{A9F07D67-6207-4751-9660-7F38D6400C14}.Release|x64.Build.0 = Release|Any CPU
		{A9F07D67-6207-4751-9660-7F38D6400C14}.Release|x86.ActiveCfg = Release|Any CPU
		{A9F07D67-6207-4751-9660-7F38D6400C14}.Release|x86.Build.0 = Release|Any CPU
		{DDCA7B01-39A2-4B04-93D6-E7F020E4C650}.Debug|Any CPU.ActiveCfg = Debug|Any CPU
		{DDCA7B01-39A2-4B04-93D6-E7F020E4C650}.Debug|Any CPU.Build.0 = Debug|Any CPU
		{DDCA7B01-39A2-4B04-93D6-E7F020E4C650}.Debug|x64.ActiveCfg = Debug|Any CPU
		{DDCA7B01-39A2-4B04-93D6-E7F020E4C650}.Debug|x64.Build.0 = Debug|Any CPU
		{DDCA7B01-39A2-4B04-93D6-E7F020E4C650}.Debug|x86.ActiveCfg = Debug|Any CPU
		{DDCA7B01-39A2-4B04-93D6-E7F020E4C650}.Debug|x86.Build.0 = Debug|Any CPU
		{DDCA7B01-39A2-4B04-93D6-E7F020E4C650}.Release|Any CPU.ActiveCfg = Release|Any CPU
		{DDCA7B01-39A2-4B04-93D6-E7F020E4C650}.Release|Any CPU.Build.0 = Release|Any CPU
		{DDCA7B01-39A2-4B04-93D6-E7F020E4C650}.Release|x64.ActiveCfg = Release|Any CPU
		{DDCA7B01-39A2-4B04-93D6-E7F020E4C650}.Release|x64.Build.0 = Release|Any CPU
		{DDCA7B01-39A2-4B04-93D6-E7F020E4C650}.Release|x86.ActiveCfg = Release|Any CPU
		{DDCA7B01-39A2-4B04-93D6-E7F020E4C650}.Release|x86.Build.0 = Release|Any CPU
		{3325578A-15EE-42D8-AF14-45A52FE7590A}.Debug|Any CPU.ActiveCfg = Debug|Any CPU
		{3325578A-15EE-42D8-AF14-45A52FE7590A}.Debug|Any CPU.Build.0 = Debug|Any CPU
		{3325578A-15EE-42D8-AF14-45A52FE7590A}.Debug|x64.ActiveCfg = Debug|Any CPU
		{3325578A-15EE-42D8-AF14-45A52FE7590A}.Debug|x64.Build.0 = Debug|Any CPU
		{3325578A-15EE-42D8-AF14-45A52FE7590A}.Debug|x86.ActiveCfg = Debug|Any CPU
		{3325578A-15EE-42D8-AF14-45A52FE7590A}.Debug|x86.Build.0 = Debug|Any CPU
		{3325578A-15EE-42D8-AF14-45A52FE7590A}.Release|Any CPU.ActiveCfg = Release|Any CPU
		{3325578A-15EE-42D8-AF14-45A52FE7590A}.Release|Any CPU.Build.0 = Release|Any CPU
		{3325578A-15EE-42D8-AF14-45A52FE7590A}.Release|x64.ActiveCfg = Release|Any CPU
		{3325578A-15EE-42D8-AF14-45A52FE7590A}.Release|x64.Build.0 = Release|Any CPU
		{3325578A-15EE-42D8-AF14-45A52FE7590A}.Release|x86.ActiveCfg = Release|Any CPU
		{3325578A-15EE-42D8-AF14-45A52FE7590A}.Release|x86.Build.0 = Release|Any CPU
		{3402693F-F6F5-4FDF-B550-21A4C747CEB9}.Debug|Any CPU.ActiveCfg = Debug|Any CPU
		{3402693F-F6F5-4FDF-B550-21A4C747CEB9}.Debug|Any CPU.Build.0 = Debug|Any CPU
		{3402693F-F6F5-4FDF-B550-21A4C747CEB9}.Debug|x64.ActiveCfg = Debug|Any CPU
		{3402693F-F6F5-4FDF-B550-21A4C747CEB9}.Debug|x64.Build.0 = Debug|Any CPU
		{3402693F-F6F5-4FDF-B550-21A4C747CEB9}.Debug|x86.ActiveCfg = Debug|Any CPU
		{3402693F-F6F5-4FDF-B550-21A4C747CEB9}.Debug|x86.Build.0 = Debug|Any CPU
		{3402693F-F6F5-4FDF-B550-21A4C747CEB9}.Release|Any CPU.ActiveCfg = Release|Any CPU
		{3402693F-F6F5-4FDF-B550-21A4C747CEB9}.Release|Any CPU.Build.0 = Release|Any CPU
		{3402693F-F6F5-4FDF-B550-21A4C747CEB9}.Release|x64.ActiveCfg = Release|Any CPU
		{3402693F-F6F5-4FDF-B550-21A4C747CEB9}.Release|x64.Build.0 = Release|Any CPU
		{3402693F-F6F5-4FDF-B550-21A4C747CEB9}.Release|x86.ActiveCfg = Release|Any CPU
		{3402693F-F6F5-4FDF-B550-21A4C747CEB9}.Release|x86.Build.0 = Release|Any CPU
		{4BD8527E-4DD5-44C0-B68C-EB2F5E611C85}.Debug|Any CPU.ActiveCfg = Debug|Any CPU
		{4BD8527E-4DD5-44C0-B68C-EB2F5E611C85}.Debug|Any CPU.Build.0 = Debug|Any CPU
		{4BD8527E-4DD5-44C0-B68C-EB2F5E611C85}.Debug|x64.ActiveCfg = Debug|Any CPU
		{4BD8527E-4DD5-44C0-B68C-EB2F5E611C85}.Debug|x64.Build.0 = Debug|Any CPU
		{4BD8527E-4DD5-44C0-B68C-EB2F5E611C85}.Debug|x86.ActiveCfg = Debug|Any CPU
		{4BD8527E-4DD5-44C0-B68C-EB2F5E611C85}.Debug|x86.Build.0 = Debug|Any CPU
		{4BD8527E-4DD5-44C0-B68C-EB2F5E611C85}.Release|Any CPU.ActiveCfg = Release|Any CPU
		{4BD8527E-4DD5-44C0-B68C-EB2F5E611C85}.Release|Any CPU.Build.0 = Release|Any CPU
		{4BD8527E-4DD5-44C0-B68C-EB2F5E611C85}.Release|x64.ActiveCfg = Release|Any CPU
		{4BD8527E-4DD5-44C0-B68C-EB2F5E611C85}.Release|x64.Build.0 = Release|Any CPU
		{4BD8527E-4DD5-44C0-B68C-EB2F5E611C85}.Release|x86.ActiveCfg = Release|Any CPU
		{4BD8527E-4DD5-44C0-B68C-EB2F5E611C85}.Release|x86.Build.0 = Release|Any CPU
		{65A46C76-5A84-45FF-A4DC-E11280E64806}.Debug|Any CPU.ActiveCfg = Debug|Any CPU
		{65A46C76-5A84-45FF-A4DC-E11280E64806}.Debug|Any CPU.Build.0 = Debug|Any CPU
		{65A46C76-5A84-45FF-A4DC-E11280E64806}.Debug|x64.ActiveCfg = Debug|Any CPU
		{65A46C76-5A84-45FF-A4DC-E11280E64806}.Debug|x64.Build.0 = Debug|Any CPU
		{65A46C76-5A84-45FF-A4DC-E11280E64806}.Debug|x86.ActiveCfg = Debug|Any CPU
		{65A46C76-5A84-45FF-A4DC-E11280E64806}.Debug|x86.Build.0 = Debug|Any CPU
		{65A46C76-5A84-45FF-A4DC-E11280E64806}.Release|Any CPU.ActiveCfg = Release|Any CPU
		{65A46C76-5A84-45FF-A4DC-E11280E64806}.Release|Any CPU.Build.0 = Release|Any CPU
		{65A46C76-5A84-45FF-A4DC-E11280E64806}.Release|x64.ActiveCfg = Release|Any CPU
		{65A46C76-5A84-45FF-A4DC-E11280E64806}.Release|x64.Build.0 = Release|Any CPU
		{65A46C76-5A84-45FF-A4DC-E11280E64806}.Release|x86.ActiveCfg = Release|Any CPU
		{65A46C76-5A84-45FF-A4DC-E11280E64806}.Release|x86.Build.0 = Release|Any CPU
		{6A5ECF64-93BE-4A48-99C1-D726480E20C0}.Debug|Any CPU.ActiveCfg = Debug|Any CPU
		{6A5ECF64-93BE-4A48-99C1-D726480E20C0}.Debug|Any CPU.Build.0 = Debug|Any CPU
		{6A5ECF64-93BE-4A48-99C1-D726480E20C0}.Debug|x64.ActiveCfg = Debug|Any CPU
		{6A5ECF64-93BE-4A48-99C1-D726480E20C0}.Debug|x64.Build.0 = Debug|Any CPU
		{6A5ECF64-93BE-4A48-99C1-D726480E20C0}.Debug|x86.ActiveCfg = Debug|Any CPU
		{6A5ECF64-93BE-4A48-99C1-D726480E20C0}.Debug|x86.Build.0 = Debug|Any CPU
		{6A5ECF64-93BE-4A48-99C1-D726480E20C0}.Release|Any CPU.ActiveCfg = Release|Any CPU
		{6A5ECF64-93BE-4A48-99C1-D726480E20C0}.Release|Any CPU.Build.0 = Release|Any CPU
		{6A5ECF64-93BE-4A48-99C1-D726480E20C0}.Release|x64.ActiveCfg = Release|Any CPU
		{6A5ECF64-93BE-4A48-99C1-D726480E20C0}.Release|x64.Build.0 = Release|Any CPU
		{6A5ECF64-93BE-4A48-99C1-D726480E20C0}.Release|x86.ActiveCfg = Release|Any CPU
		{6A5ECF64-93BE-4A48-99C1-D726480E20C0}.Release|x86.Build.0 = Release|Any CPU
		{55956849-3FE6-484C-8A7F-785E11A6B5C5}.Debug|Any CPU.ActiveCfg = Debug|Any CPU
		{55956849-3FE6-484C-8A7F-785E11A6B5C5}.Debug|Any CPU.Build.0 = Debug|Any CPU
		{55956849-3FE6-484C-8A7F-785E11A6B5C5}.Debug|x64.ActiveCfg = Debug|Any CPU
		{55956849-3FE6-484C-8A7F-785E11A6B5C5}.Debug|x64.Build.0 = Debug|Any CPU
		{55956849-3FE6-484C-8A7F-785E11A6B5C5}.Debug|x86.ActiveCfg = Debug|Any CPU
		{55956849-3FE6-484C-8A7F-785E11A6B5C5}.Debug|x86.Build.0 = Debug|Any CPU
		{55956849-3FE6-484C-8A7F-785E11A6B5C5}.Release|Any CPU.ActiveCfg = Release|Any CPU
		{55956849-3FE6-484C-8A7F-785E11A6B5C5}.Release|Any CPU.Build.0 = Release|Any CPU
		{55956849-3FE6-484C-8A7F-785E11A6B5C5}.Release|x64.ActiveCfg = Release|Any CPU
		{55956849-3FE6-484C-8A7F-785E11A6B5C5}.Release|x64.Build.0 = Release|Any CPU
		{55956849-3FE6-484C-8A7F-785E11A6B5C5}.Release|x86.ActiveCfg = Release|Any CPU
		{55956849-3FE6-484C-8A7F-785E11A6B5C5}.Release|x86.Build.0 = Release|Any CPU
	EndGlobalSection
	GlobalSection(SolutionProperties) = preSolution
		HideSolutionNode = FALSE
	EndGlobalSection
EndGlobal
