
Microsoft Visual Studio Solution File, Format Version 12.00
# Visual Studio Version 17
VisualStudioVersion = 17.4.33122.133
MinimumVisualStudioVersion = 10.0.40219.1
Project("{9A19103F-16F7-4668-BE54-9A1E7A4F7556}") = "Shared", "..\Shared\Shared.csproj", "{85F94ACF-DE0C-4063-99B8-D8B94CDE581C}"
EndProject
Project("{9A19103F-16F7-4668-BE54-9A1E7A4F7556}") = "Day1", "Day1\Day1.csproj", "{CE031591-360A-4AAA-BEFE-0F75412BB259}"
EndProject
Project("{9A19103F-16F7-4668-BE54-9A1E7A4F7556}") = "Day2", "Day2\Day2.csproj", "{7C72ACCE-F44E-4091-9C63-83DA23D21280}"
EndProject
Project("{9A19103F-16F7-4668-BE54-9A1E7A4F7556}") = "Day3", "Day3\Day3.csproj", "{D27A6EA0-E910-4134-820F-C3EB1B2DEDB7}"
EndProject
Project("{9A19103F-16F7-4668-BE54-9A1E7A4F7556}") = "Day4", "Day4\Day4.csproj", "{461F231F-9DEC-4C9D-8540-9AA624415D74}"
EndProject
Project("{9A19103F-16F7-4668-BE54-9A1E7A4F7556}") = "Day5", "Day5\Day5.csproj", "{61835273-6240-477D-BA2D-81C46F020833}"
EndProject
Project("{9A19103F-16F7-4668-BE54-9A1E7A4F7556}") = "Day6", "Day6\Day6.csproj", "{C420A4B1-9843-4C7F-9311-F281D2BFA240}"
EndProject
Project("{9A19103F-16F7-4668-BE54-9A1E7A4F7556}") = "Day7", "Day7\Day7.csproj", "{89B30743-31E0-409F-A037-9EBFADF7E2DD}"
EndProject
Project("{9A19103F-16F7-4668-BE54-9A1E7A4F7556}") = "Day8", "Day8\Day8.csproj", "{0BC35BEB-02FA-4FFF-A06D-6C43E8B5BE28}"
EndProject
Project("{9A19103F-16F7-4668-BE54-9A1E7A4F7556}") = "Day9", "Day9\Day9.csproj", "{74484E86-2C6F-43E0-B3EC-E768B2FCE27B}"
EndProject
Project("{9A19103F-16F7-4668-BE54-9A1E7A4F7556}") = "Day10", "Day10\Day10.csproj", "{0B916A40-FDD4-4E5E-9351-BCBDDF06AE25}"
EndProject
Project("{9A19103F-16F7-4668-BE54-9A1E7A4F7556}") = "Day11", "Day11\Day11.csproj", "{44B2CD44-9226-48A0-90B0-2AE63EAD55BA}"
EndProject
Project("{9A19103F-16F7-4668-BE54-9A1E7A4F7556}") = "Day12", "Day12\Day12.csproj", "{3B3748B9-BBC1-40F1-83B2-C8EE8A04189B}"
EndProject
Project("{9A19103F-16F7-4668-BE54-9A1E7A4F7556}") = "Day13", "Day13\Day13.csproj", "{366BE301-A4CB-4092-A59B-B1A28072EAA0}"
EndProject
Project("{9A19103F-16F7-4668-BE54-9A1E7A4F7556}") = "Day14", "Day14\Day14.csproj", "{A8882E08-EF5E-4114-9AEF-454FD6B80F46}"
EndProject
Project("{9A19103F-16F7-4668-BE54-9A1E7A4F7556}") = "Day15", "Day15\Day15.csproj", "{27C43A5D-02D9-4D21-830D-18B473E12E7E}"
EndProject
Project("{9A19103F-16F7-4668-BE54-9A1E7A4F7556}") = "Day16", "Day16\Day16.csproj", "{6939BF14-3228-47E7-A323-DE3F293CA8AE}"
EndProject
Project("{9A19103F-16F7-4668-BE54-9A1E7A4F7556}") = "Day17", "Day17\Day17.csproj", "{48806657-E1BD-4906-96F7-1032599E62EF}"
EndProject
Project("{9A19103F-16F7-4668-BE54-9A1E7A4F7556}") = "Day18", "Day18\Day18.csproj", "{ECAB1612-73B3-48F0-881F-6D63300F64C9}"
EndProject
Project("{9A19103F-16F7-4668-BE54-9A1E7A4F7556}") = "Day19", "Day19\Day19.csproj", "{74BA36D1-BB65-4666-B3E2-19DD1D5330AA}"
EndProject
Project("{9A19103F-16F7-4668-BE54-9A1E7A4F7556}") = "Day20", "Day20\Day20.csproj", "{50548C4A-4DFA-47ED-8174-4555DE3E71F6}"
EndProject
Project("{9A19103F-16F7-4668-BE54-9A1E7A4F7556}") = "Day21", "Day21\Day21.csproj", "{72E46282-7F6D-40A7-82E9-DA180ADB3C60}"
EndProject
Project("{9A19103F-16F7-4668-BE54-9A1E7A4F7556}") = "Day22", "Day22\Day22.csproj", "{286B6238-22DC-407B-AF94-5E40419E683D}"
EndProject
Project("{9A19103F-16F7-4668-BE54-9A1E7A4F7556}") = "Day23", "Day23\Day23.csproj", "{579370FE-6AD9-4993-BE1D-C0F1414EA3DF}"
EndProject
Project("{9A19103F-16F7-4668-BE54-9A1E7A4F7556}") = "Day24", "Day24\Day24.csproj", "{096A1853-9426-4A25-A670-EE29BE048558}"
EndProject
Project("{FAE04EC0-301F-11D3-BF4B-00C04F79EFBC}") = "Day25", "Day25\Day25.csproj", "{34BE0F75-8BDD-466B-B125-3798FA38D92A}"
EndProject
Global
	GlobalSection(SolutionConfigurationPlatforms) = preSolution
		Debug|Any CPU = Debug|Any CPU
		Release|Any CPU = Release|Any CPU
	EndGlobalSection
	GlobalSection(ProjectConfigurationPlatforms) = postSolution
		{85F94ACF-DE0C-4063-99B8-D8B94CDE581C}.Debug|Any CPU.ActiveCfg = Debug|Any CPU
		{85F94ACF-DE0C-4063-99B8-D8B94CDE581C}.Debug|Any CPU.Build.0 = Debug|Any CPU
		{85F94ACF-DE0C-4063-99B8-D8B94CDE581C}.Release|Any CPU.ActiveCfg = Release|Any CPU
		{85F94ACF-DE0C-4063-99B8-D8B94CDE581C}.Release|Any CPU.Build.0 = Release|Any CPU
		{CE031591-360A-4AAA-BEFE-0F75412BB259}.Debug|Any CPU.ActiveCfg = Debug|Any CPU
		{CE031591-360A-4AAA-BEFE-0F75412BB259}.Debug|Any CPU.Build.0 = Debug|Any CPU
		{CE031591-360A-4AAA-BEFE-0F75412BB259}.Release|Any CPU.ActiveCfg = Release|Any CPU
		{CE031591-360A-4AAA-BEFE-0F75412BB259}.Release|Any CPU.Build.0 = Release|Any CPU
		{7C72ACCE-F44E-4091-9C63-83DA23D21280}.Debug|Any CPU.ActiveCfg = Debug|Any CPU
		{7C72ACCE-F44E-4091-9C63-83DA23D21280}.Debug|Any CPU.Build.0 = Debug|Any CPU
		{7C72ACCE-F44E-4091-9C63-83DA23D21280}.Release|Any CPU.ActiveCfg = Release|Any CPU
		{7C72ACCE-F44E-4091-9C63-83DA23D21280}.Release|Any CPU.Build.0 = Release|Any CPU
		{D27A6EA0-E910-4134-820F-C3EB1B2DEDB7}.Debug|Any CPU.ActiveCfg = Debug|Any CPU
		{D27A6EA0-E910-4134-820F-C3EB1B2DEDB7}.Debug|Any CPU.Build.0 = Debug|Any CPU
		{D27A6EA0-E910-4134-820F-C3EB1B2DEDB7}.Release|Any CPU.ActiveCfg = Release|Any CPU
		{D27A6EA0-E910-4134-820F-C3EB1B2DEDB7}.Release|Any CPU.Build.0 = Release|Any CPU
		{461F231F-9DEC-4C9D-8540-9AA624415D74}.Debug|Any CPU.ActiveCfg = Debug|Any CPU
		{461F231F-9DEC-4C9D-8540-9AA624415D74}.Debug|Any CPU.Build.0 = Debug|Any CPU
		{461F231F-9DEC-4C9D-8540-9AA624415D74}.Release|Any CPU.ActiveCfg = Release|Any CPU
		{461F231F-9DEC-4C9D-8540-9AA624415D74}.Release|Any CPU.Build.0 = Release|Any CPU
		{61835273-6240-477D-BA2D-81C46F020833}.Debug|Any CPU.ActiveCfg = Debug|Any CPU
		{61835273-6240-477D-BA2D-81C46F020833}.Debug|Any CPU.Build.0 = Debug|Any CPU
		{61835273-6240-477D-BA2D-81C46F020833}.Release|Any CPU.ActiveCfg = Release|Any CPU
		{61835273-6240-477D-BA2D-81C46F020833}.Release|Any CPU.Build.0 = Release|Any CPU
		{C420A4B1-9843-4C7F-9311-F281D2BFA240}.Debug|Any CPU.ActiveCfg = Debug|Any CPU
		{C420A4B1-9843-4C7F-9311-F281D2BFA240}.Debug|Any CPU.Build.0 = Debug|Any CPU
		{C420A4B1-9843-4C7F-9311-F281D2BFA240}.Release|Any CPU.ActiveCfg = Release|Any CPU
		{C420A4B1-9843-4C7F-9311-F281D2BFA240}.Release|Any CPU.Build.0 = Release|Any CPU
		{89B30743-31E0-409F-A037-9EBFADF7E2DD}.Debug|Any CPU.ActiveCfg = Debug|Any CPU
		{89B30743-31E0-409F-A037-9EBFADF7E2DD}.Debug|Any CPU.Build.0 = Debug|Any CPU
		{89B30743-31E0-409F-A037-9EBFADF7E2DD}.Release|Any CPU.ActiveCfg = Release|Any CPU
		{89B30743-31E0-409F-A037-9EBFADF7E2DD}.Release|Any CPU.Build.0 = Release|Any CPU
		{0BC35BEB-02FA-4FFF-A06D-6C43E8B5BE28}.Debug|Any CPU.ActiveCfg = Debug|Any CPU
		{0BC35BEB-02FA-4FFF-A06D-6C43E8B5BE28}.Debug|Any CPU.Build.0 = Debug|Any CPU
		{0BC35BEB-02FA-4FFF-A06D-6C43E8B5BE28}.Release|Any CPU.ActiveCfg = Release|Any CPU
		{0BC35BEB-02FA-4FFF-A06D-6C43E8B5BE28}.Release|Any CPU.Build.0 = Release|Any CPU
		{74484E86-2C6F-43E0-B3EC-E768B2FCE27B}.Debug|Any CPU.ActiveCfg = Debug|Any CPU
		{74484E86-2C6F-43E0-B3EC-E768B2FCE27B}.Debug|Any CPU.Build.0 = Debug|Any CPU
		{74484E86-2C6F-43E0-B3EC-E768B2FCE27B}.Release|Any CPU.ActiveCfg = Release|Any CPU
		{74484E86-2C6F-43E0-B3EC-E768B2FCE27B}.Release|Any CPU.Build.0 = Release|Any CPU
		{0B916A40-FDD4-4E5E-9351-BCBDDF06AE25}.Debug|Any CPU.ActiveCfg = Debug|Any CPU
		{0B916A40-FDD4-4E5E-9351-BCBDDF06AE25}.Debug|Any CPU.Build.0 = Debug|Any CPU
		{0B916A40-FDD4-4E5E-9351-BCBDDF06AE25}.Release|Any CPU.ActiveCfg = Release|Any CPU
		{0B916A40-FDD4-4E5E-9351-BCBDDF06AE25}.Release|Any CPU.Build.0 = Release|Any CPU
		{44B2CD44-9226-48A0-90B0-2AE63EAD55BA}.Debug|Any CPU.ActiveCfg = Debug|Any CPU
		{44B2CD44-9226-48A0-90B0-2AE63EAD55BA}.Debug|Any CPU.Build.0 = Debug|Any CPU
		{44B2CD44-9226-48A0-90B0-2AE63EAD55BA}.Release|Any CPU.ActiveCfg = Release|Any CPU
		{44B2CD44-9226-48A0-90B0-2AE63EAD55BA}.Release|Any CPU.Build.0 = Release|Any CPU
		{3B3748B9-BBC1-40F1-83B2-C8EE8A04189B}.Debug|Any CPU.ActiveCfg = Debug|Any CPU
		{3B3748B9-BBC1-40F1-83B2-C8EE8A04189B}.Debug|Any CPU.Build.0 = Debug|Any CPU
		{3B3748B9-BBC1-40F1-83B2-C8EE8A04189B}.Release|Any CPU.ActiveCfg = Release|Any CPU
		{3B3748B9-BBC1-40F1-83B2-C8EE8A04189B}.Release|Any CPU.Build.0 = Release|Any CPU
		{366BE301-A4CB-4092-A59B-B1A28072EAA0}.Debug|Any CPU.ActiveCfg = Debug|Any CPU
		{366BE301-A4CB-4092-A59B-B1A28072EAA0}.Debug|Any CPU.Build.0 = Debug|Any CPU
		{366BE301-A4CB-4092-A59B-B1A28072EAA0}.Release|Any CPU.ActiveCfg = Release|Any CPU
		{366BE301-A4CB-4092-A59B-B1A28072EAA0}.Release|Any CPU.Build.0 = Release|Any CPU
		{A8882E08-EF5E-4114-9AEF-454FD6B80F46}.Debug|Any CPU.ActiveCfg = Debug|Any CPU
		{A8882E08-EF5E-4114-9AEF-454FD6B80F46}.Debug|Any CPU.Build.0 = Debug|Any CPU
		{A8882E08-EF5E-4114-9AEF-454FD6B80F46}.Release|Any CPU.ActiveCfg = Release|Any CPU
		{A8882E08-EF5E-4114-9AEF-454FD6B80F46}.Release|Any CPU.Build.0 = Release|Any CPU
		{27C43A5D-02D9-4D21-830D-18B473E12E7E}.Debug|Any CPU.ActiveCfg = Debug|Any CPU
		{27C43A5D-02D9-4D21-830D-18B473E12E7E}.Debug|Any CPU.Build.0 = Debug|Any CPU
		{27C43A5D-02D9-4D21-830D-18B473E12E7E}.Release|Any CPU.ActiveCfg = Release|Any CPU
		{27C43A5D-02D9-4D21-830D-18B473E12E7E}.Release|Any CPU.Build.0 = Release|Any CPU
		{6939BF14-3228-47E7-A323-DE3F293CA8AE}.Debug|Any CPU.ActiveCfg = Debug|Any CPU
		{6939BF14-3228-47E7-A323-DE3F293CA8AE}.Debug|Any CPU.Build.0 = Debug|Any CPU
		{6939BF14-3228-47E7-A323-DE3F293CA8AE}.Release|Any CPU.ActiveCfg = Release|Any CPU
		{6939BF14-3228-47E7-A323-DE3F293CA8AE}.Release|Any CPU.Build.0 = Release|Any CPU
		{48806657-E1BD-4906-96F7-1032599E62EF}.Debug|Any CPU.ActiveCfg = Debug|Any CPU
		{48806657-E1BD-4906-96F7-1032599E62EF}.Debug|Any CPU.Build.0 = Debug|Any CPU
		{48806657-E1BD-4906-96F7-1032599E62EF}.Release|Any CPU.ActiveCfg = Release|Any CPU
		{48806657-E1BD-4906-96F7-1032599E62EF}.Release|Any CPU.Build.0 = Release|Any CPU
		{ECAB1612-73B3-48F0-881F-6D63300F64C9}.Debug|Any CPU.ActiveCfg = Debug|Any CPU
		{ECAB1612-73B3-48F0-881F-6D63300F64C9}.Debug|Any CPU.Build.0 = Debug|Any CPU
		{ECAB1612-73B3-48F0-881F-6D63300F64C9}.Release|Any CPU.ActiveCfg = Release|Any CPU
		{ECAB1612-73B3-48F0-881F-6D63300F64C9}.Release|Any CPU.Build.0 = Release|Any CPU
		{74BA36D1-BB65-4666-B3E2-19DD1D5330AA}.Debug|Any CPU.ActiveCfg = Debug|Any CPU
		{74BA36D1-BB65-4666-B3E2-19DD1D5330AA}.Debug|Any CPU.Build.0 = Debug|Any CPU
		{74BA36D1-BB65-4666-B3E2-19DD1D5330AA}.Release|Any CPU.ActiveCfg = Release|Any CPU
		{74BA36D1-BB65-4666-B3E2-19DD1D5330AA}.Release|Any CPU.Build.0 = Release|Any CPU
		{50548C4A-4DFA-47ED-8174-4555DE3E71F6}.Debug|Any CPU.ActiveCfg = Debug|Any CPU
		{50548C4A-4DFA-47ED-8174-4555DE3E71F6}.Debug|Any CPU.Build.0 = Debug|Any CPU
		{50548C4A-4DFA-47ED-8174-4555DE3E71F6}.Release|Any CPU.ActiveCfg = Release|Any CPU
		{50548C4A-4DFA-47ED-8174-4555DE3E71F6}.Release|Any CPU.Build.0 = Release|Any CPU
		{72E46282-7F6D-40A7-82E9-DA180ADB3C60}.Debug|Any CPU.ActiveCfg = Debug|Any CPU
		{72E46282-7F6D-40A7-82E9-DA180ADB3C60}.Debug|Any CPU.Build.0 = Debug|Any CPU
		{72E46282-7F6D-40A7-82E9-DA180ADB3C60}.Release|Any CPU.ActiveCfg = Release|Any CPU
		{72E46282-7F6D-40A7-82E9-DA180ADB3C60}.Release|Any CPU.Build.0 = Release|Any CPU
		{286B6238-22DC-407B-AF94-5E40419E683D}.Debug|Any CPU.ActiveCfg = Debug|Any CPU
		{286B6238-22DC-407B-AF94-5E40419E683D}.Debug|Any CPU.Build.0 = Debug|Any CPU
		{286B6238-22DC-407B-AF94-5E40419E683D}.Release|Any CPU.ActiveCfg = Release|Any CPU
		{286B6238-22DC-407B-AF94-5E40419E683D}.Release|Any CPU.Build.0 = Release|Any CPU
		{579370FE-6AD9-4993-BE1D-C0F1414EA3DF}.Debug|Any CPU.ActiveCfg = Debug|Any CPU
		{579370FE-6AD9-4993-BE1D-C0F1414EA3DF}.Debug|Any CPU.Build.0 = Debug|Any CPU
		{579370FE-6AD9-4993-BE1D-C0F1414EA3DF}.Release|Any CPU.ActiveCfg = Release|Any CPU
		{579370FE-6AD9-4993-BE1D-C0F1414EA3DF}.Release|Any CPU.Build.0 = Release|Any CPU
		{096A1853-9426-4A25-A670-EE29BE048558}.Debug|Any CPU.ActiveCfg = Debug|Any CPU
		{096A1853-9426-4A25-A670-EE29BE048558}.Debug|Any CPU.Build.0 = Debug|Any CPU
		{096A1853-9426-4A25-A670-EE29BE048558}.Release|Any CPU.ActiveCfg = Release|Any CPU
		{096A1853-9426-4A25-A670-EE29BE048558}.Release|Any CPU.Build.0 = Release|Any CPU
		{34BE0F75-8BDD-466B-B125-3798FA38D92A}.Debug|Any CPU.ActiveCfg = Debug|Any CPU
		{34BE0F75-8BDD-466B-B125-3798FA38D92A}.Debug|Any CPU.Build.0 = Debug|Any CPU
		{34BE0F75-8BDD-466B-B125-3798FA38D92A}.Release|Any CPU.ActiveCfg = Release|Any CPU
		{34BE0F75-8BDD-466B-B125-3798FA38D92A}.Release|Any CPU.Build.0 = Release|Any CPU
	EndGlobalSection
	GlobalSection(SolutionProperties) = preSolution
		HideSolutionNode = FALSE
	EndGlobalSection
	GlobalSection(ExtensibilityGlobals) = postSolution
		SolutionGuid = {C539389E-6D27-45A6-948B-351FCCA214E0}
	EndGlobalSection
EndGlobal
