
Microsoft Visual Studio Solution File, Format Version 12.00
# Visual Studio Version 17
VisualStudioVersion = 17.4.33122.133
MinimumVisualStudioVersion = 10.0.40219.1
Project("{9A19103F-16F7-4668-BE54-9A1E7A4F7556}") = "Day5", "Day5\Day5.csproj", "{2BE47920-CD15-425F-AEB1-44C16C8A42B4}"
EndProject
Project("{9A19103F-16F7-4668-BE54-9A1E7A4F7556}") = "Shared", "..\Shared\Shared.csproj", "{B107A1D4-0919-4892-9070-A5BFD0F8A9F7}"
EndProject
Project("{9A19103F-16F7-4668-BE54-9A1E7A4F7556}") = "Day1", "Day1\Day1.csproj", "{E8DB10BD-8DFC-4BC9-AF16-591D05E840C7}"
EndProject
Project("{9A19103F-16F7-4668-BE54-9A1E7A4F7556}") = "Day2", "Day2\Day2.csproj", "{BA4F0176-F509-476B-8793-9575872663A6}"
EndProject
Project("{FAE04EC0-301F-11D3-BF4B-00C04F79EFBC}") = "Day3", "Day3\Day3.csproj", "{E194C1A3-7197-42F0-948A-F634B0B0A30F}"
EndProject
Project("{FAE04EC0-301F-11D3-BF4B-00C04F79EFBC}") = "Day4", "Day4\Day4.csproj", "{6D7B8732-7B21-41B2-9002-04EFFA548343}"
EndProject
Project("{FAE04EC0-301F-11D3-BF4B-00C04F79EFBC}") = "Day11", "Day11\Day11.csproj", "{6B06A335-16C1-4B1B-A3C3-851CEC0AD784}"
EndProject
Project("{FAE04EC0-301F-11D3-BF4B-00C04F79EFBC}") = "Day6", "Day6\Day6.csproj", "{18F20CC7-C52F-4A76-870D-EE5FAB4DA092}"
EndProject
Project("{FAE04EC0-301F-11D3-BF4B-00C04F79EFBC}") = "Day7", "Day7\Day7.csproj", "{3AD6DF5B-6411-4EE0-801E-0E0BAB4B0A17}"
EndProject
Global
	GlobalSection(SolutionConfigurationPlatforms) = preSolution
		Debug|Any CPU = Debug|Any CPU
		Release|Any CPU = Release|Any CPU
	EndGlobalSection
	GlobalSection(ProjectConfigurationPlatforms) = postSolution
		{2BE47920-CD15-425F-AEB1-44C16C8A42B4}.Debug|Any CPU.ActiveCfg = Debug|Any CPU
		{2BE47920-CD15-425F-AEB1-44C16C8A42B4}.Debug|Any CPU.Build.0 = Debug|Any CPU
		{2BE47920-CD15-425F-AEB1-44C16C8A42B4}.Release|Any CPU.ActiveCfg = Release|Any CPU
		{2BE47920-CD15-425F-AEB1-44C16C8A42B4}.Release|Any CPU.Build.0 = Release|Any CPU
		{B107A1D4-0919-4892-9070-A5BFD0F8A9F7}.Debug|Any CPU.ActiveCfg = Debug|Any CPU
		{B107A1D4-0919-4892-9070-A5BFD0F8A9F7}.Debug|Any CPU.Build.0 = Debug|Any CPU
		{B107A1D4-0919-4892-9070-A5BFD0F8A9F7}.Release|Any CPU.ActiveCfg = Release|Any CPU
		{B107A1D4-0919-4892-9070-A5BFD0F8A9F7}.Release|Any CPU.Build.0 = Release|Any CPU
		{E8DB10BD-8DFC-4BC9-AF16-591D05E840C7}.Debug|Any CPU.ActiveCfg = Debug|Any CPU
		{E8DB10BD-8DFC-4BC9-AF16-591D05E840C7}.Debug|Any CPU.Build.0 = Debug|Any CPU
		{E8DB10BD-8DFC-4BC9-AF16-591D05E840C7}.Release|Any CPU.ActiveCfg = Release|Any CPU
		{E8DB10BD-8DFC-4BC9-AF16-591D05E840C7}.Release|Any CPU.Build.0 = Release|Any CPU
		{BA4F0176-F509-476B-8793-9575872663A6}.Debug|Any CPU.ActiveCfg = Debug|Any CPU
		{BA4F0176-F509-476B-8793-9575872663A6}.Debug|Any CPU.Build.0 = Debug|Any CPU
		{BA4F0176-F509-476B-8793-9575872663A6}.Release|Any CPU.ActiveCfg = Release|Any CPU
		{BA4F0176-F509-476B-8793-9575872663A6}.Release|Any CPU.Build.0 = Release|Any CPU
		{E194C1A3-7197-42F0-948A-F634B0B0A30F}.Debug|Any CPU.ActiveCfg = Debug|Any CPU
		{E194C1A3-7197-42F0-948A-F634B0B0A30F}.Debug|Any CPU.Build.0 = Debug|Any CPU
		{E194C1A3-7197-42F0-948A-F634B0B0A30F}.Release|Any CPU.ActiveCfg = Release|Any CPU
		{E194C1A3-7197-42F0-948A-F634B0B0A30F}.Release|Any CPU.Build.0 = Release|Any CPU
		{6D7B8732-7B21-41B2-9002-04EFFA548343}.Debug|Any CPU.ActiveCfg = Debug|Any CPU
		{6D7B8732-7B21-41B2-9002-04EFFA548343}.Debug|Any CPU.Build.0 = Debug|Any CPU
		{6D7B8732-7B21-41B2-9002-04EFFA548343}.Release|Any CPU.ActiveCfg = Release|Any CPU
		{6D7B8732-7B21-41B2-9002-04EFFA548343}.Release|Any CPU.Build.0 = Release|Any CPU
		{6B06A335-16C1-4B1B-A3C3-851CEC0AD784}.Debug|Any CPU.ActiveCfg = Debug|Any CPU
		{6B06A335-16C1-4B1B-A3C3-851CEC0AD784}.Debug|Any CPU.Build.0 = Debug|Any CPU
		{6B06A335-16C1-4B1B-A3C3-851CEC0AD784}.Release|Any CPU.ActiveCfg = Release|Any CPU
		{6B06A335-16C1-4B1B-A3C3-851CEC0AD784}.Release|Any CPU.Build.0 = Release|Any CPU
		{18F20CC7-C52F-4A76-870D-EE5FAB4DA092}.Debug|Any CPU.ActiveCfg = Debug|Any CPU
		{18F20CC7-C52F-4A76-870D-EE5FAB4DA092}.Debug|Any CPU.Build.0 = Debug|Any CPU
		{18F20CC7-C52F-4A76-870D-EE5FAB4DA092}.Release|Any CPU.ActiveCfg = Release|Any CPU
		{18F20CC7-C52F-4A76-870D-EE5FAB4DA092}.Release|Any CPU.Build.0 = Release|Any CPU
		{3AD6DF5B-6411-4EE0-801E-0E0BAB4B0A17}.Debug|Any CPU.ActiveCfg = Debug|Any CPU
		{3AD6DF5B-6411-4EE0-801E-0E0BAB4B0A17}.Debug|Any CPU.Build.0 = Debug|Any CPU
		{3AD6DF5B-6411-4EE0-801E-0E0BAB4B0A17}.Release|Any CPU.ActiveCfg = Release|Any CPU
		{3AD6DF5B-6411-4EE0-801E-0E0BAB4B0A17}.Release|Any CPU.Build.0 = Release|Any CPU
	EndGlobalSection
	GlobalSection(SolutionProperties) = preSolution
		HideSolutionNode = FALSE
	EndGlobalSection
	GlobalSection(ExtensibilityGlobals) = postSolution
		SolutionGuid = {5AFD6545-2834-4355-8023-6DD0C52A3384}
	EndGlobalSection
EndGlobal
